
Microsoft Visual Studio Solution File, Format Version 12.00
# Visual Studio Version 17
VisualStudioVersion = 17.2.32630.192
MinimumVisualStudioVersion = 10.0.40219.1
Project("{FAE04EC0-301F-11D3-BF4B-00C04F79EFBC}") = "Unidad1_API", "Unidad1_API\Unidad1_API.csproj", "{7317CE43-1E5C-4729-8F38-B2A9D8E87A62}"
EndProject
Project("{9A19103F-16F7-4668-BE54-9A1E7A4F7556}") = "WebApi", "WebApi\WebApi.csproj", "{E02FA220-77C4-45C3-A41D-C490E47E3052}"
EndProject
Project("{9A19103F-16F7-4668-BE54-9A1E7A4F7556}") = "API_Unidad_2", "API_Unidad_2\API_Unidad_2.csproj", "{A67BD11D-4D13-4F69-A0A2-1F8DF9B78C07}"
EndProject
Project("{FAE04EC0-301F-11D3-BF4B-00C04F79EFBC}") = "API_BD", "API_BD\API_BD.csproj", "{30572C40-6EC6-4A74-9002-9C0D005D1F06}"
EndProject
Global
	GlobalSection(SolutionConfigurationPlatforms) = preSolution
		Debug|Any CPU = Debug|Any CPU
		Release|Any CPU = Release|Any CPU
	EndGlobalSection
	GlobalSection(ProjectConfigurationPlatforms) = postSolution
		{7317CE43-1E5C-4729-8F38-B2A9D8E87A62}.Debug|Any CPU.ActiveCfg = Debug|Any CPU
		{7317CE43-1E5C-4729-8F38-B2A9D8E87A62}.Debug|Any CPU.Build.0 = Debug|Any CPU
		{7317CE43-1E5C-4729-8F38-B2A9D8E87A62}.Release|Any CPU.ActiveCfg = Release|Any CPU
		{7317CE43-1E5C-4729-8F38-B2A9D8E87A62}.Release|Any CPU.Build.0 = Release|Any CPU
		{E02FA220-77C4-45C3-A41D-C490E47E3052}.Debug|Any CPU.ActiveCfg = Debug|Any CPU
		{E02FA220-77C4-45C3-A41D-C490E47E3052}.Debug|Any CPU.Build.0 = Debug|Any CPU
		{E02FA220-77C4-45C3-A41D-C490E47E3052}.Release|Any CPU.ActiveCfg = Release|Any CPU
		{E02FA220-77C4-45C3-A41D-C490E47E3052}.Release|Any CPU.Build.0 = Release|Any CPU
		{A67BD11D-4D13-4F69-A0A2-1F8DF9B78C07}.Debug|Any CPU.ActiveCfg = Debug|Any CPU
		{A67BD11D-4D13-4F69-A0A2-1F8DF9B78C07}.Debug|Any CPU.Build.0 = Debug|Any CPU
		{A67BD11D-4D13-4F69-A0A2-1F8DF9B78C07}.Release|Any CPU.ActiveCfg = Release|Any CPU
		{A67BD11D-4D13-4F69-A0A2-1F8DF9B78C07}.Release|Any CPU.Build.0 = Release|Any CPU
		{30572C40-6EC6-4A74-9002-9C0D005D1F06}.Debug|Any CPU.ActiveCfg = Debug|Any CPU
		{30572C40-6EC6-4A74-9002-9C0D005D1F06}.Debug|Any CPU.Build.0 = Debug|Any CPU
		{30572C40-6EC6-4A74-9002-9C0D005D1F06}.Release|Any CPU.ActiveCfg = Release|Any CPU
		{30572C40-6EC6-4A74-9002-9C0D005D1F06}.Release|Any CPU.Build.0 = Release|Any CPU
	EndGlobalSection
	GlobalSection(SolutionProperties) = preSolution
		HideSolutionNode = FALSE
	EndGlobalSection
	GlobalSection(ExtensibilityGlobals) = postSolution
		SolutionGuid = {B6598992-E4B2-44D8-A45C-8373EF5E6012}
	EndGlobalSection
EndGlobal
